
Microsoft Visual Studio Solution File, Format Version 12.00
# Visual Studio Version 17
VisualStudioVersion = 17.0.32014.148
MinimumVisualStudioVersion = 10.0.40219.1
Project("{FAE04EC0-301F-11D3-BF4B-00C04F79EFBC}") = "Pratica02", "Pratica02\Pratica02.csproj", "{BD44E40E-0E72-4BCC-AA98-DED17954E495}"
EndProject
Global
	GlobalSection(SolutionConfigurationPlatforms) = preSolution
		Debug|Any CPU = Debug|Any CPU
		Release|Any CPU = Release|Any CPU
	EndGlobalSection
	GlobalSection(ProjectConfigurationPlatforms) = postSolution
		{BD44E40E-0E72-4BCC-AA98-DED17954E495}.Debug|Any CPU.ActiveCfg = Debug|Any CPU
		{BD44E40E-0E72-4BCC-AA98-DED17954E495}.Debug|Any CPU.Build.0 = Debug|Any CPU
		{BD44E40E-0E72-4BCC-AA98-DED17954E495}.Release|Any CPU.ActiveCfg = Release|Any CPU
		{BD44E40E-0E72-4BCC-AA98-DED17954E495}.Release|Any CPU.Build.0 = Release|Any CPU
	EndGlobalSection
	GlobalSection(SolutionProperties) = preSolution
		HideSolutionNode = FALSE
	EndGlobalSection
	GlobalSection(ExtensibilityGlobals) = postSolution
		SolutionGuid = {E6797095-327D-48BB-9DAF-22AC168CC4F7}
	EndGlobalSection
EndGlobal
