
Microsoft Visual Studio Solution File, Format Version 12.00
# Visual Studio Version 16
VisualStudioVersion = 16.0.31205.134
MinimumVisualStudioVersion = 10.0.40219.1
Project("{FAE04EC0-301F-11D3-BF4B-00C04F79EFBC}") = "AtividadeAED02", "AtividadeAED02.csproj", "{D1D19C3D-D53F-42E7-8E6C-04D6DEE68690}"
EndProject
Global
	GlobalSection(SolutionConfigurationPlatforms) = preSolution
		Debug|Any CPU = Debug|Any CPU
		Release|Any CPU = Release|Any CPU
	EndGlobalSection
	GlobalSection(ProjectConfigurationPlatforms) = postSolution
		{D1D19C3D-D53F-42E7-8E6C-04D6DEE68690}.Debug|Any CPU.ActiveCfg = Debug|Any CPU
		{D1D19C3D-D53F-42E7-8E6C-04D6DEE68690}.Debug|Any CPU.Build.0 = Debug|Any CPU
		{D1D19C3D-D53F-42E7-8E6C-04D6DEE68690}.Release|Any CPU.ActiveCfg = Release|Any CPU
		{D1D19C3D-D53F-42E7-8E6C-04D6DEE68690}.Release|Any CPU.Build.0 = Release|Any CPU
	EndGlobalSection
	GlobalSection(SolutionProperties) = preSolution
		HideSolutionNode = FALSE
	EndGlobalSection
	GlobalSection(ExtensibilityGlobals) = postSolution
		SolutionGuid = {5E9C8BA0-5E81-4C23-B3DE-435BF1EE6CC7}
	EndGlobalSection
EndGlobal
